
Microsoft Visual Studio Solution File, Format Version 12.00
# Visual Studio Version 17
VisualStudioVersion = 17.3.32929.385
MinimumVisualStudioVersion = 10.0.40219.1
Project("{FAE04EC0-301F-11D3-BF4B-00C04F79EFBC}") = "Abc.MvcWebUI", "Abc.MvcWebUI\Abc.MvcWebUI.csproj", "{1002ABCA-1C6B-45DE-B49D-37EE27C6F9FD}"
EndProject
Global
	GlobalSection(SolutionConfigurationPlatforms) = preSolution
		Debug|Any CPU = Debug|Any CPU
		Release|Any CPU = Release|Any CPU
	EndGlobalSection
	GlobalSection(ProjectConfigurationPlatforms) = postSolution
		{1002ABCA-1C6B-45DE-B49D-37EE27C6F9FD}.Debug|Any CPU.ActiveCfg = Debug|Any CPU
		{1002ABCA-1C6B-45DE-B49D-37EE27C6F9FD}.Debug|Any CPU.Build.0 = Debug|Any CPU
		{1002ABCA-1C6B-45DE-B49D-37EE27C6F9FD}.Release|Any CPU.ActiveCfg = Release|Any CPU
		{1002ABCA-1C6B-45DE-B49D-37EE27C6F9FD}.Release|Any CPU.Build.0 = Release|Any CPU
	EndGlobalSection
	GlobalSection(SolutionProperties) = preSolution
		HideSolutionNode = FALSE
	EndGlobalSection
	GlobalSection(ExtensibilityGlobals) = postSolution
		SolutionGuid = {A0352577-9DD7-4653-8724-ED6813745458}
	EndGlobalSection
EndGlobal
